// !$*UTF8*$!
{
	archiveVersion = 1;
	classes = {
	};
	objectVersion = 56;
	objects = {

/* Begin PBXBuildFile section */
		372206B92A7AACD7004D6CC5 /* AppDelegate.swift in Sources */ = {isa = PBXBuildFile; fileRef = 372206B82A7AACD7004D6CC5 /* AppDelegate.swift */; };
		372206BB2A7AACD7004D6CC5 /* SceneDelegate.swift in Sources */ = {isa = PBXBuildFile; fileRef = 372206BA2A7AACD7004D6CC5 /* SceneDelegate.swift */; };
		372206BD2A7AACD7004D6CC5 /* TicTacToeViewController.swift in Sources */ = {isa = PBXBuildFile; fileRef = 372206BC2A7AACD7004D6CC5 /* TicTacToeViewController.swift */; };
		372206C02A7AACD7004D6CC5 /* Main.storyboard in Resources */ = {isa = PBXBuildFile; fileRef = 372206BE2A7AACD7004D6CC5 /* Main.storyboard */; };
		372206C22A7AACD8004D6CC5 /* Assets.xcassets in Resources */ = {isa = PBXBuildFile; fileRef = 372206C12A7AACD8004D6CC5 /* Assets.xcassets */; };
		372206C52A7AACD8004D6CC5 /* LaunchScreen.storyboard in Resources */ = {isa = PBXBuildFile; fileRef = 372206C32A7AACD8004D6CC5 /* LaunchScreen.storyboard */; };
		372C45E72A810DE900689F95 /* IndieFlower-Regular.ttf in Resources */ = {isa = PBXBuildFile; fileRef = 372C45E62A810C7100689F95 /* IndieFlower-Regular.ttf */; };
		372C45EC2A815E4500689F95 /* TicTacToeModel.swift in Sources */ = {isa = PBXBuildFile; fileRef = 372C45EB2A815E4500689F95 /* TicTacToeModel.swift */; };
/* End PBXBuildFile section */

/* Begin PBXFileReference section */
		372206B52A7AACD7004D6CC5 /* TicTacToe.app */ = {isa = PBXFileReference; explicitFileType = wrapper.application; includeInIndex = 0; path = TicTacToe.app; sourceTree = BUILT_PRODUCTS_DIR; };
		372206B82A7AACD7004D6CC5 /* AppDelegate.swift */ = {isa = PBXFileReference; lastKnownFileType = sourcecode.swift; path = AppDelegate.swift; sourceTree = "<group>"; };
		372206BA2A7AACD7004D6CC5 /* SceneDelegate.swift */ = {isa = PBXFileReference; lastKnownFileType = sourcecode.swift; path = SceneDelegate.swift; sourceTree = "<group>"; };
		372206BC2A7AACD7004D6CC5 /* TicTacToeViewController.swift */ = {isa = PBXFileReference; lastKnownFileType = sourcecode.swift; path = TicTacToeViewController.swift; sourceTree = "<group>"; };
		372206BF2A7AACD7004D6CC5 /* Base */ = {isa = PBXFileReference; lastKnownFileType = file.storyboard; name = Base; path = Base.lproj/Main.storyboard; sourceTree = "<group>"; };
		372206C12A7AACD8004D6CC5 /* Assets.xcassets */ = {isa = PBXFileReference; lastKnownFileType = folder.assetcatalog; path = Assets.xcassets; sourceTree = "<group>"; };
		372206C42A7AACD8004D6CC5 /* Base */ = {isa = PBXFileReference; lastKnownFileType = file.storyboard; name = Base; path = Base.lproj/LaunchScreen.storyboard; sourceTree = "<group>"; };
		372206C62A7AACD8004D6CC5 /* Info.plist */ = {isa = PBXFileReference; lastKnownFileType = text.plist.xml; path = Info.plist; sourceTree = "<group>"; };
		372C45E62A810C7100689F95 /* IndieFlower-Regular.ttf */ = {isa = PBXFileReference; lastKnownFileType = file; path = "IndieFlower-Regular.ttf"; sourceTree = "<group>"; };
		372C45EB2A815E4500689F95 /* TicTacToeModel.swift */ = {isa = PBXFileReference; lastKnownFileType = sourcecode.swift; path = TicTacToeModel.swift; sourceTree = "<group>"; };
/* End PBXFileReference section */

/* Begin PBXFrameworksBuildPhase section */
		372206B22A7AACD7004D6CC5 /* Frameworks */ = {
			isa = PBXFrameworksBuildPhase;
			buildActionMask = 2147483647;
			files = (
			);
			runOnlyForDeploymentPostprocessing = 0;
		};
/* End PBXFrameworksBuildPhase section */

/* Begin PBXGroup section */
		372206AC2A7AACD7004D6CC5 = {
			isa = PBXGroup;
			children = (
				372206B72A7AACD7004D6CC5 /* TicTacToe */,
				372206B62A7AACD7004D6CC5 /* Products */,
			);
			sourceTree = "<group>";
		};
		372206B62A7AACD7004D6CC5 /* Products */ = {
			isa = PBXGroup;
			children = (
				372206B52A7AACD7004D6CC5 /* TicTacToe.app */,
			);
			name = Products;
			sourceTree = "<group>";
		};
		372206B72A7AACD7004D6CC5 /* TicTacToe */ = {
			isa = PBXGroup;
			children = (
				372C45E92A815DBE00689F95 /* Models */,
				372C45EA2A815DCE00689F95 /* Controllers */,
				372C45E82A815DB300689F95 /* Views */,
				372206B82A7AACD7004D6CC5 /* AppDelegate.swift */,
				372206BA2A7AACD7004D6CC5 /* SceneDelegate.swift */,
				372206C12A7AACD8004D6CC5 /* Assets.xcassets */,
				372206C32A7AACD8004D6CC5 /* LaunchScreen.storyboard */,
				372C45E52A810BED00689F95 /* fonts */,
				372206C62A7AACD8004D6CC5 /* Info.plist */,
			);
			path = TicTacToe;
			sourceTree = "<group>";
		};
		372C45E52A810BED00689F95 /* fonts */ = {
			isa = PBXGroup;
			children = (
				372C45E62A810C7100689F95 /* IndieFlower-Regular.ttf */,
			);
			path = fonts;
			sourceTree = "<group>";
		};
		372C45E82A815DB300689F95 /* Views */ = {
			isa = PBXGroup;
			children = (
				372206BE2A7AACD7004D6CC5 /* Main.storyboard */,
			);
			path = Views;
			sourceTree = "<group>";
		};
		372C45E92A815DBE00689F95 /* Models */ = {
			isa = PBXGroup;
			children = (
				372C45EB2A815E4500689F95 /* TicTacToeModel.swift */,
			);
			path = Models;
			sourceTree = "<group>";
		};
		372C45EA2A815DCE00689F95 /* Controllers */ = {
			isa = PBXGroup;
			children = (
				372206BC2A7AACD7004D6CC5 /* TicTacToeViewController.swift */,
			);
			path = Controllers;
			sourceTree = "<group>";
		};
/* End PBXGroup section */

/* Begin PBXNativeTarget section */
		372206B42A7AACD7004D6CC5 /* TicTacToe */ = {
			isa = PBXNativeTarget;
			buildConfigurationList = 372206C92A7AACD8004D6CC5 /* Build configuration list for PBXNativeTarget "TicTacToe" */;
			buildPhases = (
				372206B12A7AACD7004D6CC5 /* Sources */,
				372206B22A7AACD7004D6CC5 /* Frameworks */,
				372206B32A7AACD7004D6CC5 /* Resources */,
			);
			buildRules = (
			);
			dependencies = (
			);
			name = TicTacToe;
			productName = TicTacToe;
			productReference = 372206B52A7AACD7004D6CC5 /* TicTacToe.app */;
			productType = "com.apple.product-type.application";
		};
/* End PBXNativeTarget section */

/* Begin PBXProject section */
		372206AD2A7AACD7004D6CC5 /* Project object */ = {
			isa = PBXProject;
			attributes = {
				BuildIndependentTargetsInParallel = 1;
				LastSwiftUpdateCheck = 1430;
				LastUpgradeCheck = 1430;
				TargetAttributes = {
					372206B42A7AACD7004D6CC5 = {
						CreatedOnToolsVersion = 14.3.1;
					};
				};
			};
			buildConfigurationList = 372206B02A7AACD7004D6CC5 /* Build configuration list for PBXProject "TicTacToe" */;
			compatibilityVersion = "Xcode 14.0";
			developmentRegion = en;
			hasScannedForEncodings = 0;
			knownRegions = (
				en,
				Base,
			);
			mainGroup = 372206AC2A7AACD7004D6CC5;
			productRefGroup = 372206B62A7AACD7004D6CC5 /* Products */;
			projectDirPath = "";
			projectRoot = "";
			targets = (
				372206B42A7AACD7004D6CC5 /* TicTacToe */,
			);
		};
/* End PBXProject section */

/* Begin PBXResourcesBuildPhase section */
		372206B32A7AACD7004D6CC5 /* Resources */ = {
			isa = PBXResourcesBuildPhase;
			buildActionMask = 2147483647;
			files = (
				372206C52A7AACD8004D6CC5 /* LaunchScreen.storyboard in Resources */,
				372206C22A7AACD8004D6CC5 /* Assets.xcassets in Resources */,
				372C45E72A810DE900689F95 /* IndieFlower-Regular.ttf in Resources */,
				372206C02A7AACD7004D6CC5 /* Main.storyboard in Resources */,
			);
			runOnlyForDeploymentPostprocessing = 0;
		};
/* End PBXResourcesBuildPhase section */

/* Begin PBXSourcesBuildPhase section */
		372206B12A7AACD7004D6CC5 /* Sources */ = {
			isa = PBXSourcesBuildPhase;
			buildActionMask = 2147483647;
			files = (
				372C45EC2A815E4500689F95 /* TicTacToeModel.swift in Sources */,
				372206BD2A7AACD7004D6CC5 /* TicTacToeViewController.swift in Sources */,
				372206B92A7AACD7004D6CC5 /* AppDelegate.swift in Sources */,
				372206BB2A7AACD7004D6CC5 /* SceneDelegate.swift in Sources */,
			);
			runOnlyForDeploymentPostprocessing = 0;
		};
/* End PBXSourcesBuildPhase section */

/* Begin PBXVariantGroup section */
		372206BE2A7AACD7004D6CC5 /* Main.storyboard */ = {
			isa = PBXVariantGroup;
			children = (
				372206BF2A7AACD7004D6CC5 /* Base */,
			);
			name = Main.storyboard;
			sourceTree = "<group>";
		};
		372206C32A7AACD8004D6CC5 /* LaunchScreen.storyboard */ = {
			isa = PBXVariantGroup;
			children = (
				372206C42A7AACD8004D6CC5 /* Base */,
			);
			name = LaunchScreen.storyboard;
			sourceTree = "<group>";
		};
/* End PBXVariantGroup section */

/* Begin XCBuildConfiguration section */
		372206C72A7AACD8004D6CC5 /* Debug */ = {
			isa = XCBuildConfiguration;
			buildSettings = {
				ALWAYS_SEARCH_USER_PATHS = NO;
				CLANG_ANALYZER_NONNULL = YES;
				CLANG_ANALYZER_NUMBER_OBJECT_CONVERSION = YES_AGGRESSIVE;
				CLANG_CXX_LANGUAGE_STANDARD = "gnu++20";
				CLANG_ENABLE_MODULES = YES;
				CLANG_ENABLE_OBJC_ARC = YES;
				CLANG_ENABLE_OBJC_WEAK = YES;
				CLANG_WARN_BLOCK_CAPTURE_AUTORELEASING = YES;
				CLANG_WARN_BOOL_CONVERSION = YES;
				CLANG_WARN_COMMA = YES;
				CLANG_WARN_CONSTANT_CONVERSION = YES;
				CLANG_WARN_DEPRECATED_OBJC_IMPLEMENTATIONS = YES;
				CLANG_WARN_DIRECT_OBJC_ISA_USAGE = YES_ERROR;
				CLANG_WARN_DOCUMENTATION_COMMENTS = YES;
				CLANG_WARN_EMPTY_BODY = YES;
				CLANG_WARN_ENUM_CONVERSION = YES;
				CLANG_WARN_INFINITE_RECURSION = YES;
				CLANG_WARN_INT_CONVERSION = YES;
				CLANG_WARN_NON_LITERAL_NULL_CONVERSION = YES;
				CLANG_WARN_OBJC_IMPLICIT_RETAIN_SELF = YES;
				CLANG_WARN_OBJC_LITERAL_CONVERSION = YES;
				CLANG_WARN_OBJC_ROOT_CLASS = YES_ERROR;
				CLANG_WARN_QUOTED_INCLUDE_IN_FRAMEWORK_HEADER = YES;
				CLANG_WARN_RANGE_LOOP_ANALYSIS = YES;
				CLANG_WARN_STRICT_PROTOTYPES = YES;
				CLANG_WARN_SUSPICIOUS_MOVE = YES;
				CLANG_WARN_UNGUARDED_AVAILABILITY = YES_AGGRESSIVE;
				CLANG_WARN_UNREACHABLE_CODE = YES;
				CLANG_WARN__DUPLICATE_METHOD_MATCH = YES;
				COPY_PHASE_STRIP = NO;
				DEBUG_INFORMATION_FORMAT = dwarf;
				ENABLE_STRICT_OBJC_MSGSEND = YES;
				ENABLE_TESTABILITY = YES;
				GCC_C_LANGUAGE_STANDARD = gnu11;
				GCC_DYNAMIC_NO_PIC = NO;
				GCC_NO_COMMON_BLOCKS = YES;
				GCC_OPTIMIZATION_LEVEL = 0;
				GCC_PREPROCESSOR_DEFINITIONS = (
					"DEBUG=1",
					"$(inherited)",
				);
				GCC_WARN_64_TO_32_BIT_CONVERSION = YES;
				GCC_WARN_ABOUT_RETURN_TYPE = YES_ERROR;
				GCC_WARN_UNDECLARED_SELECTOR = YES;
				GCC_WARN_UNINITIALIZED_AUTOS = YES_AGGRESSIVE;
				GCC_WARN_UNUSED_FUNCTION = YES;
				GCC_WARN_UNUSED_VARIABLE = YES;
				IPHONEOS_DEPLOYMENT_TARGET = 16.4;
				MTL_ENABLE_DEBUG_INFO = INCLUDE_SOURCE;
				MTL_FAST_MATH = YES;
				ONLY_ACTIVE_ARCH = YES;
				SDKROOT = iphoneos;
				SWIFT_ACTIVE_COMPILATION_CONDITIONS = DEBUG;
				SWIFT_OPTIMIZATION_LEVEL = "-Onone";
			};
			name = Debug;
		};
		372206C82A7AACD8004D6CC5 /* Release */ = {
			isa = XCBuildConfiguration;
			buildSettings = {
				ALWAYS_SEARCH_USER_PATHS = NO;
				CLANG_ANALYZER_NONNULL = YES;
				CLANG_ANALYZER_NUMBER_OBJECT_CONVERSION = YES_AGGRESSIVE;
				CLANG_CXX_LANGUAGE_STANDARD = "gnu++20";
				CLANG_ENABLE_MODULES = YES;
				CLANG_ENABLE_OBJC_ARC = YES;
				CLANG_ENABLE_OBJC_WEAK = YES;
				CLANG_WARN_BLOCK_CAPTURE_AUTORELEASING = YES;
				CLANG_WARN_BOOL_CONVERSION = YES;
				CLANG_WARN_COMMA = YES;
				CLANG_WARN_CONSTANT_CONVERSION = YES;
				CLANG_WARN_DEPRECATED_OBJC_IMPLEMENTATIONS = YES;
				CLANG_WARN_DIRECT_OBJC_ISA_USAGE = YES_ERROR;
				CLANG_WARN_DOCUMENTATION_COMMENTS = YES;
				CLANG_WARN_EMPTY_BODY = YES;
				CLANG_WARN_ENUM_CONVERSION = YES;
				CLANG_WARN_INFINITE_RECURSION = YES;
				CLANG_WARN_INT_CONVERSION = YES;
				CLANG_WARN_NON_LITERAL_NULL_CONVERSION = YES;
				CLANG_WARN_OBJC_IMPLICIT_RETAIN_SELF = YES;
				CLANG_WARN_OBJC_LITERAL_CONVERSION = YES;
				CLANG_WARN_OBJC_ROOT_CLASS = YES_ERROR;
				CLANG_WARN_QUOTED_INCLUDE_IN_FRAMEWORK_HEADER = YES;
				CLANG_WARN_RANGE_LOOP_ANALYSIS = YES;
				CLANG_WARN_STRICT_PROTOTYPES = YES;
				CLANG_WARN_SUSPICIOUS_MOVE = YES;
				CLANG_WARN_UNGUARDED_AVAILABILITY = YES_AGGRESSIVE;
				CLANG_WARN_UNREACHABLE_CODE = YES;
				CLANG_WARN__DUPLICATE_METHOD_MATCH = YES;
				COPY_PHASE_STRIP = NO;
				DEBUG_INFORMATION_FORMAT = "dwarf-with-dsym";
				ENABLE_NS_ASSERTIONS = NO;
				ENABLE_STRICT_OBJC_MSGSEND = YES;
				GCC_C_LANGUAGE_STANDARD = gnu11;
				GCC_NO_COMMON_BLOCKS = YES;
				GCC_WARN_64_TO_32_BIT_CONVERSION = YES;
				GCC_WARN_ABOUT_RETURN_TYPE = YES_ERROR;
				GCC_WARN_UNDECLARED_SELECTOR = YES;
				GCC_WARN_UNINITIALIZED_AUTOS = YES_AGGRESSIVE;
				GCC_WARN_UNUSED_FUNCTION = YES;
				GCC_WARN_UNUSED_VARIABLE = YES;
				IPHONEOS_DEPLOYMENT_TARGET = 16.4;
				MTL_ENABLE_DEBUG_INFO = NO;
				MTL_FAST_MATH = YES;
				SDKROOT = iphoneos;
				SWIFT_COMPILATION_MODE = wholemodule;
				SWIFT_OPTIMIZATION_LEVEL = "-O";
				VALIDATE_PRODUCT = YES;
			};
			name = Release;
		};
		372206CA2A7AACD8004D6CC5 /* Debug */ = {
			isa = XCBuildConfiguration;
			buildSettings = {
				ASSETCATALOG_COMPILER_APPICON_NAME = AppIcon;
				ASSETCATALOG_COMPILER_GLOBAL_ACCENT_COLOR_NAME = AccentColor;
				CODE_SIGN_STYLE = Automatic;
				CURRENT_PROJECT_VERSION = 1;
				DEVELOPMENT_TEAM = SKWHDZ6ZPY;
				GENERATE_INFOPLIST_FILE = YES;
				INFOPLIST_FILE = TicTacToe/Info.plist;
				INFOPLIST_KEY_UIApplicationSupportsIndirectInputEvents = YES;
				INFOPLIST_KEY_UILaunchStoryboardName = LaunchScreen;
				INFOPLIST_KEY_UIMainStoryboardFile = Main;
				INFOPLIST_KEY_UISupportedInterfaceOrientations_iPad = "UIInterfaceOrientationPortrait UIInterfaceOrientationPortraitUpsideDown UIInterfaceOrientationLandscapeLeft UIInterfaceOrientationLandscapeRight";
				INFOPLIST_KEY_UISupportedInterfaceOrientations_iPhone = "UIInterfaceOrientationPortrait UIInterfaceOrientationLandscapeLeft UIInterfaceOrientationLandscapeRight";
				LD_RUNPATH_SEARCH_PATHS = (
					"$(inherited)",
					"@executable_path/Frameworks",
				);
				MARKETING_VERSION = 1.0;
				PRODUCT_BUNDLE_IDENTIFIER = com.haany.TicTacToe;
				PRODUCT_NAME = "$(TARGET_NAME)";
				SWIFT_EMIT_LOC_STRINGS = YES;
				SWIFT_VERSION = 5.0;
				TARGETED_DEVICE_FAMILY = "1,2";
			};
			name = Debug;
		};
		372206CB2A7AACD8004D6CC5 /* Release */ = {
			isa = XCBuildConfiguration;
			buildSettings = {
				ASSETCATALOG_COMPILER_APPICON_NAME = AppIcon;
				ASSETCATALOG_COMPILER_GLOBAL_ACCENT_COLOR_NAME = AccentColor;
				CODE_SIGN_STYLE = Automatic;
				CURRENT_PROJECT_VERSION = 1;
				DEVELOPMENT_TEAM = SKWHDZ6ZPY;
				GENERATE_INFOPLIST_FILE = YES;
				INFOPLIST_FILE = TicTacToe/Info.plist;
				INFOPLIST_KEY_UIApplicationSupportsIndirectInputEvents = YES;
				INFOPLIST_KEY_UILaunchStoryboardName = LaunchScreen;
				INFOPLIST_KEY_UIMainStoryboardFile = Main;
				INFOPLIST_KEY_UISupportedInterfaceOrientations_iPad = "UIInterfaceOrientationPortrait UIInterfaceOrientationPortraitUpsideDown UIInterfaceOrientationLandscapeLeft UIInterfaceOrientationLandscapeRight";
				INFOPLIST_KEY_UISupportedInterfaceOrientations_iPhone = "UIInterfaceOrientationPortrait UIInterfaceOrientationLandscapeLeft UIInterfaceOrientationLandscapeRight";
				LD_RUNPATH_SEARCH_PATHS = (
					"$(inherited)",
					"@executable_path/Frameworks",
				);
				MARKETING_VERSION = 1.0;
				PRODUCT_BUNDLE_IDENTIFIER = com.haany.TicTacToe;
				PRODUCT_NAME = "$(TARGET_NAME)";
				SWIFT_EMIT_LOC_STRINGS = YES;
				SWIFT_VERSION = 5.0;
				TARGETED_DEVICE_FAMILY = "1,2";
			};
			name = Release;
		};
/* End XCBuildConfiguration section */

/* Begin XCConfigurationList section */
		372206B02A7AACD7004D6CC5 /* Build configuration list for PBXProject "TicTacToe" */ = {
			isa = XCConfigurationList;
			buildConfigurations = (
				372206C72A7AACD8004D6CC5 /* Debug */,
				372206C82A7AACD8004D6CC5 /* Release */,
			);
			defaultConfigurationIsVisible = 0;
			defaultConfigurationName = Release;
		};
		372206C92A7AACD8004D6CC5 /* Build configuration list for PBXNativeTarget "TicTacToe" */ = {
			isa = XCConfigurationList;
			buildConfigurations = (
				372206CA2A7AACD8004D6CC5 /* Debug */,
				372206CB2A7AACD8004D6CC5 /* Release */,
			);
			defaultConfigurationIsVisible = 0;
			defaultConfigurationName = Release;
		};
/* End XCConfigurationList section */
	};
	rootObject = 372206AD2A7AACD7004D6CC5 /* Project object */;
}
